// !$*UTF8*$!
{
	archiveVersion = 1;
	classes = {
	};
	objectVersion = 50;
	objects = {

/* Begin PBXBuildFile section */
		E55FD86D24CAD77A00A65415 /* AppDelegate.swift in Sources */ = {isa = PBXBuildFile; fileRef = E55FD86C24CAD77A00A65415 /* AppDelegate.swift */; };
		E55FD86F24CAD77A00A65415 /* SceneDelegate.swift in Sources */ = {isa = PBXBuildFile; fileRef = E55FD86E24CAD77A00A65415 /* SceneDelegate.swift */; };
		E55FD87124CAD77A00A65415 /* ViewController.swift in Sources */ = {isa = PBXBuildFile; fileRef = E55FD87024CAD77A00A65415 /* ViewController.swift */; };
		E55FD87424CAD77A00A65415 /* Main.storyboard in Resources */ = {isa = PBXBuildFile; fileRef = E55FD87224CAD77A00A65415 /* Main.storyboard */; };
		E55FD87624CAD77B00A65415 /* Assets.xcassets in Resources */ = {isa = PBXBuildFile; fileRef = E55FD87524CAD77B00A65415 /* Assets.xcassets */; };
		E55FD87924CAD77B00A65415 /* LaunchScreen.storyboard in Resources */ = {isa = PBXBuildFile; fileRef = E55FD87724CAD77B00A65415 /* LaunchScreen.storyboard */; };
/* End PBXBuildFile section */

/* Begin PBXFileReference section */
		E55FD86924CAD77A00A65415 /* GetToKnowSQLite.app */ = {isa = PBXFileReference; explicitFileType = wrapper.application; includeInIndex = 0; path = GetToKnowSQLite.app; sourceTree = BUILT_PRODUCTS_DIR; };
		E55FD86C24CAD77A00A65415 /* AppDelegate.swift */ = {isa = PBXFileReference; lastKnownFileType = sourcecode.swift; path = AppDelegate.swift; sourceTree = "<group>"; };
		E55FD86E24CAD77A00A65415 /* SceneDelegate.swift */ = {isa = PBXFileReference; lastKnownFileType = sourcecode.swift; path = SceneDelegate.swift; sourceTree = "<group>"; };
		E55FD87024CAD77A00A65415 /* ViewController.swift */ = {isa = PBXFileReference; lastKnownFileType = sourcecode.swift; path = ViewController.swift; sourceTree = "<group>"; };
		E55FD87324CAD77A00A65415 /* Base */ = {isa = PBXFileReference; lastKnownFileType = file.storyboard; name = Base; path = Base.lproj/Main.storyboard; sourceTree = "<group>"; };
		E55FD87524CAD77B00A65415 /* Assets.xcassets */ = {isa = PBXFileReference; lastKnownFileType = folder.assetcatalog; path = Assets.xcassets; sourceTree = "<group>"; };
		E55FD87824CAD77B00A65415 /* Base */ = {isa = PBXFileReference; lastKnownFileType = file.storyboard; name = Base; path = Base.lproj/LaunchScreen.storyboard; sourceTree = "<group>"; };
		E55FD87A24CAD77B00A65415 /* Info.plist */ = {isa = PBXFileReference; lastKnownFileType = text.plist.xml; path = Info.plist; sourceTree = "<group>"; };
/* End PBXFileReference section */

/* Begin PBXFrameworksBuildPhase section */
		E55FD86624CAD77A00A65415 /* Frameworks */ = {
			isa = PBXFrameworksBuildPhase;
			buildActionMask = 2147483647;
			files = (
			);
			runOnlyForDeploymentPostprocessing = 0;
		};
/* End PBXFrameworksBuildPhase section */

/* Begin PBXGroup section */
		E55FD86024CAD77A00A65415 = {
			isa = PBXGroup;
			children = (
				E55FD86B24CAD77A00A65415 /* GetToKnowSQLite */,
				E55FD86A24CAD77A00A65415 /* Products */,
			);
			sourceTree = "<group>";
		};
		E55FD86A24CAD77A00A65415 /* Products */ = {
			isa = PBXGroup;
			children = (
				E55FD86924CAD77A00A65415 /* GetToKnowSQLite.app */,
			);
			name = Products;
			sourceTree = "<group>";
		};
		E55FD86B24CAD77A00A65415 /* GetToKnowSQLite */ = {
			isa = PBXGroup;
			children = (
				E55FD86C24CAD77A00A65415 /* AppDelegate.swift */,
				E55FD86E24CAD77A00A65415 /* SceneDelegate.swift */,
				E55FD87024CAD77A00A65415 /* ViewController.swift */,
				E55FD87224CAD77A00A65415 /* Main.storyboard */,
				E55FD87524CAD77B00A65415 /* Assets.xcassets */,
				E55FD87724CAD77B00A65415 /* LaunchScreen.storyboard */,
				E55FD87A24CAD77B00A65415 /* Info.plist */,
			);
			path = GetToKnowSQLite;
			sourceTree = "<group>";
		};
/* End PBXGroup section */

/* Begin PBXNativeTarget section */
		E55FD86824CAD77A00A65415 /* GetToKnowSQLite */ = {
			isa = PBXNativeTarget;
			buildConfigurationList = E55FD87D24CAD77B00A65415 /* Build configuration list for PBXNativeTarget "GetToKnowSQLite" */;
			buildPhases = (
				E55FD86524CAD77A00A65415 /* Sources */,
				E55FD86624CAD77A00A65415 /* Frameworks */,
				E55FD86724CAD77A00A65415 /* Resources */,
			);
			buildRules = (
			);
			dependencies = (
			);
			name = GetToKnowSQLite;
			productName = GetToKnowSQLite;
			productReference = E55FD86924CAD77A00A65415 /* GetToKnowSQLite.app */;
			productType = "com.apple.product-type.application";
		};
/* End PBXNativeTarget section */

/* Begin PBXProject section */
		E55FD86124CAD77A00A65415 /* Project object */ = {
			isa = PBXProject;
			attributes = {
				LastSwiftUpdateCheck = 1130;
				LastUpgradeCheck = 1130;
				ORGANIZATIONNAME = leowirasanto;
				TargetAttributes = {
					E55FD86824CAD77A00A65415 = {
						CreatedOnToolsVersion = 11.3.1;
					};
				};
			};
			buildConfigurationList = E55FD86424CAD77A00A65415 /* Build configuration list for PBXProject "GetToKnowSQLite" */;
			compatibilityVersion = "Xcode 9.3";
			developmentRegion = en;
			hasScannedForEncodings = 0;
			knownRegions = (
				en,
				Base,
			);
			mainGroup = E55FD86024CAD77A00A65415;
			productRefGroup = E55FD86A24CAD77A00A65415 /* Products */;
			projectDirPath = "";
			projectRoot = "";
			targets = (
				E55FD86824CAD77A00A65415 /* GetToKnowSQLite */,
			);
		};
/* End PBXProject section */

/* Begin PBXResourcesBuildPhase section */
		E55FD86724CAD77A00A65415 /* Resources */ = {
			isa = PBXResourcesBuildPhase;
			buildActionMask = 2147483647;
			files = (
				E55FD87924CAD77B00A65415 /* LaunchScreen.storyboard in Resources */,
				E55FD87624CAD77B00A65415 /* Assets.xcassets in Resources */,
				E55FD87424CAD77A00A65415 /* Main.storyboard in Resources */,
			);
			runOnlyForDeploymentPostprocessing = 0;
		};
/* End PBXResourcesBuildPhase section */

/* Begin PBXSourcesBuildPhase section */
		E55FD86524CAD77A00A65415 /* Sources */ = {
			isa = PBXSourcesBuildPhase;
			buildActionMask = 2147483647;
			files = (
				E55FD87124CAD77A00A65415 /* ViewController.swift in Sources */,
				E55FD86D24CAD77A00A65415 /* AppDelegate.swift in Sources */,
				E55FD86F24CAD77A00A65415 /* SceneDelegate.swift in Sources */,
			);
			runOnlyForDeploymentPostprocessing = 0;
		};
/* End PBXSourcesBuildPhase section */

/* Begin PBXVariantGroup section */
		E55FD87224CAD77A00A65415 /* Main.storyboard */ = {
			isa = PBXVariantGroup;
			children = (
				E55FD87324CAD77A00A65415 /* Base */,
			);
			name = Main.storyboard;
			sourceTree = "<group>";
		};
		E55FD87724CAD77B00A65415 /* LaunchScreen.storyboard */ = {
			isa = PBXVariantGroup;
			children = (
				E55FD87824CAD77B00A65415 /* Base */,
			);
			name = LaunchScreen.storyboard;
			sourceTree = "<group>";
		};
/* End PBXVariantGroup section */

/* Begin XCBuildConfiguration section */
		E55FD87B24CAD77B00A65415 /* Debug */ = {
			isa = XCBuildConfiguration;
			buildSettings = {
				ALWAYS_SEARCH_USER_PATHS = NO;
				CLANG_ANALYZER_NONNULL = YES;
				CLANG_ANALYZER_NUMBER_OBJECT_CONVERSION = YES_AGGRESSIVE;
				CLANG_CXX_LANGUAGE_STANDARD = "gnu++14";
				CLANG_CXX_LIBRARY = "libc++";
				CLANG_ENABLE_MODULES = YES;
				CLANG_ENABLE_OBJC_ARC = YES;
				CLANG_ENABLE_OBJC_WEAK = YES;
				CLANG_WARN_BLOCK_CAPTURE_AUTORELEASING = YES;
				CLANG_WARN_BOOL_CONVERSION = YES;
				CLANG_WARN_COMMA = YES;
				CLANG_WARN_CONSTANT_CONVERSION = YES;
				CLANG_WARN_DEPRECATED_OBJC_IMPLEMENTATIONS = YES;
				CLANG_WARN_DIRECT_OBJC_ISA_USAGE = YES_ERROR;
				CLANG_WARN_DOCUMENTATION_COMMENTS = YES;
				CLANG_WARN_EMPTY_BODY = YES;
				CLANG_WARN_ENUM_CONVERSION = YES;
				CLANG_WARN_INFINITE_RECURSION = YES;
				CLANG_WARN_INT_CONVERSION = YES;
				CLANG_WARN_NON_LITERAL_NULL_CONVERSION = YES;
				CLANG_WARN_OBJC_IMPLICIT_RETAIN_SELF = YES;
				CLANG_WARN_OBJC_LITERAL_CONVERSION = YES;
				CLANG_WARN_OBJC_ROOT_CLASS = YES_ERROR;
				CLANG_WARN_RANGE_LOOP_ANALYSIS = YES;
				CLANG_WARN_STRICT_PROTOTYPES = YES;
				CLANG_WARN_SUSPICIOUS_MOVE = YES;
				CLANG_WARN_UNGUARDED_AVAILABILITY = YES_AGGRESSIVE;
				CLANG_WARN_UNREACHABLE_CODE = YES;
				CLANG_WARN__DUPLICATE_METHOD_MATCH = YES;
				COPY_PHASE_STRIP = NO;
				DEBUG_INFORMATION_FORMAT = dwarf;
				ENABLE_STRICT_OBJC_MSGSEND = YES;
				ENABLE_TESTABILITY = YES;
				GCC_C_LANGUAGE_STANDARD = gnu11;
				GCC_DYNAMIC_NO_PIC = NO;
				GCC_NO_COMMON_BLOCKS = YES;
				GCC_OPTIMIZATION_LEVEL = 0;
				GCC_PREPROCESSOR_DEFINITIONS = (
					"DEBUG=1",
					"$(inherited)",
				);
				GCC_WARN_64_TO_32_BIT_CONVERSION = YES;
				GCC_WARN_ABOUT_RETURN_TYPE = YES_ERROR;
				GCC_WARN_UNDECLARED_SELECTOR = YES;
				GCC_WARN_UNINITIALIZED_AUTOS = YES_AGGRESSIVE;
				GCC_WARN_UNUSED_FUNCTION = YES;
				GCC_WARN_UNUSED_VARIABLE = YES;
				IPHONEOS_DEPLOYMENT_TARGET = 13.2;
				MTL_ENABLE_DEBUG_INFO = INCLUDE_SOURCE;
				MTL_FAST_MATH = YES;
				ONLY_ACTIVE_ARCH = YES;
				SDKROOT = iphoneos;
				SWIFT_ACTIVE_COMPILATION_CONDITIONS = DEBUG;
				SWIFT_OPTIMIZATION_LEVEL = "-Onone";
			};
			name = Debug;
		};
		E55FD87C24CAD77B00A65415 /* Release */ = {
			isa = XCBuildConfiguration;
			buildSettings = {
				ALWAYS_SEARCH_USER_PATHS = NO;
				CLANG_ANALYZER_NONNULL = YES;
				CLANG_ANALYZER_NUMBER_OBJECT_CONVERSION = YES_AGGRESSIVE;
				CLANG_CXX_LANGUAGE_STANDARD = "gnu++14";
				CLANG_CXX_LIBRARY = "libc++";
				CLANG_ENABLE_MODULES = YES;
				CLANG_ENABLE_OBJC_ARC = YES;
				CLANG_ENABLE_OBJC_WEAK = YES;
				CLANG_WARN_BLOCK_CAPTURE_AUTORELEASING = YES;
				CLANG_WARN_BOOL_CONVERSION = YES;
				CLANG_WARN_COMMA = YES;
				CLANG_WARN_CONSTANT_CONVERSION = YES;
				CLANG_WARN_DEPRECATED_OBJC_IMPLEMENTATIONS = YES;
				CLANG_WARN_DIRECT_OBJC_ISA_USAGE = YES_ERROR;
				CLANG_WARN_DOCUMENTATION_COMMENTS = YES;
				CLANG_WARN_EMPTY_BODY = YES;
				CLANG_WARN_ENUM_CONVERSION = YES;
				CLANG_WARN_INFINITE_RECURSION = YES;
				CLANG_WARN_INT_CONVERSION = YES;
				CLANG_WARN_NON_LITERAL_NULL_CONVERSION = YES;
				CLANG_WARN_OBJC_IMPLICIT_RETAIN_SELF = YES;
				CLANG_WARN_OBJC_LITERAL_CONVERSION = YES;
				CLANG_WARN_OBJC_ROOT_CLASS = YES_ERROR;
				CLANG_WARN_RANGE_LOOP_ANALYSIS = YES;
				CLANG_WARN_STRICT_PROTOTYPES = YES;
				CLANG_WARN_SUSPICIOUS_MOVE = YES;
				CLANG_WARN_UNGUARDED_AVAILABILITY = YES_AGGRESSIVE;
				CLANG_WARN_UNREACHABLE_CODE = YES;
				CLANG_WARN__DUPLICATE_METHOD_MATCH = YES;
				COPY_PHASE_STRIP = NO;
				DEBUG_INFORMATION_FORMAT = "dwarf-with-dsym";
				ENABLE_NS_ASSERTIONS = NO;
				ENABLE_STRICT_OBJC_MSGSEND = YES;
				GCC_C_LANGUAGE_STANDARD = gnu11;
				GCC_NO_COMMON_BLOCKS = YES;
				GCC_WARN_64_TO_32_BIT_CONVERSION = YES;
				GCC_WARN_ABOUT_RETURN_TYPE = YES_ERROR;
				GCC_WARN_UNDECLARED_SELECTOR = YES;
				GCC_WARN_UNINITIALIZED_AUTOS = YES_AGGRESSIVE;
				GCC_WARN_UNUSED_FUNCTION = YES;
				GCC_WARN_UNUSED_VARIABLE = YES;
				IPHONEOS_DEPLOYMENT_TARGET = 13.2;
				MTL_ENABLE_DEBUG_INFO = NO;
				MTL_FAST_MATH = YES;
				SDKROOT = iphoneos;
				SWIFT_COMPILATION_MODE = wholemodule;
				SWIFT_OPTIMIZATION_LEVEL = "-O";
				VALIDATE_PRODUCT = YES;
			};
			name = Release;
		};
		E55FD87E24CAD77B00A65415 /* Debug */ = {
			isa = XCBuildConfiguration;
			buildSettings = {
				ASSETCATALOG_COMPILER_APPICON_NAME = AppIcon;
				CODE_SIGN_STYLE = Automatic;
				INFOPLIST_FILE = GetToKnowSQLite/Info.plist;
				LD_RUNPATH_SEARCH_PATHS = (
					"$(inherited)",
					"@executable_path/Frameworks",
				);
				PRODUCT_BUNDLE_IDENTIFIER = leo.GetToKnowSQLite;
				PRODUCT_NAME = "$(TARGET_NAME)";
				SWIFT_VERSION = 5.0;
				TARGETED_DEVICE_FAMILY = "1,2";
			};
			name = Debug;
		};
		E55FD87F24CAD77B00A65415 /* Release */ = {
			isa = XCBuildConfiguration;
			buildSettings = {
				ASSETCATALOG_COMPILER_APPICON_NAME = AppIcon;
				CODE_SIGN_STYLE = Automatic;
				INFOPLIST_FILE = GetToKnowSQLite/Info.plist;
				LD_RUNPATH_SEARCH_PATHS = (
					"$(inherited)",
					"@executable_path/Frameworks",
				);
				PRODUCT_BUNDLE_IDENTIFIER = leo.GetToKnowSQLite;
				PRODUCT_NAME = "$(TARGET_NAME)";
				SWIFT_VERSION = 5.0;
				TARGETED_DEVICE_FAMILY = "1,2";
			};
			name = Release;
		};
/* End XCBuildConfiguration section */

/* Begin XCConfigurationList section */
		E55FD86424CAD77A00A65415 /* Build configuration list for PBXProject "GetToKnowSQLite" */ = {
			isa = XCConfigurationList;
			buildConfigurations = (
				E55FD87B24CAD77B00A65415 /* Debug */,
				E55FD87C24CAD77B00A65415 /* Release */,
			);
			defaultConfigurationIsVisible = 0;
			defaultConfigurationName = Release;
		};
		E55FD87D24CAD77B00A65415 /* Build configuration list for PBXNativeTarget "GetToKnowSQLite" */ = {
			isa = XCConfigurationList;
			buildConfigurations = (
				E55FD87E24CAD77B00A65415 /* Debug */,
				E55FD87F24CAD77B00A65415 /* Release */,
			);
			defaultConfigurationIsVisible = 0;
			defaultConfigurationName = Release;
		};
/* End XCConfigurationList section */
	};
	rootObject = E55FD86124CAD77A00A65415 /* Project object */;
}
